
Microsoft Visual Studio Solution File, Format Version 12.00
# Visual Studio Version 16
VisualStudioVersion = 16.0.30804.86
MinimumVisualStudioVersion = 10.0.40219.1
Project("{FAE04EC0-301F-11D3-BF4B-00C04F79EFBC}") = "EersteProject", "EersteProject.csproj", "{79C97DFD-678E-46F4-97E8-72A449CAFB5C}"
EndProject
Global
	GlobalSection(SolutionConfigurationPlatforms) = preSolution
		Debug|Any CPU = Debug|Any CPU
		Release|Any CPU = Release|Any CPU
	EndGlobalSection
	GlobalSection(ProjectConfigurationPlatforms) = postSolution
		{79C97DFD-678E-46F4-97E8-72A449CAFB5C}.Debug|Any CPU.ActiveCfg = Debug|Any CPU
		{79C97DFD-678E-46F4-97E8-72A449CAFB5C}.Debug|Any CPU.Build.0 = Debug|Any CPU
		{79C97DFD-678E-46F4-97E8-72A449CAFB5C}.Release|Any CPU.ActiveCfg = Release|Any CPU
		{79C97DFD-678E-46F4-97E8-72A449CAFB5C}.Release|Any CPU.Build.0 = Release|Any CPU
	EndGlobalSection
	GlobalSection(SolutionProperties) = preSolution
		HideSolutionNode = FALSE
	EndGlobalSection
	GlobalSection(ExtensibilityGlobals) = postSolution
		SolutionGuid = {7FB5127C-D6ED-4C6C-A773-2BF481CFE90C}
	EndGlobalSection
EndGlobal
